
Microsoft Visual Studio Solution File, Format Version 12.00
# Visual Studio Version 17
VisualStudioVersion = 17.11.35327.3
MinimumVisualStudioVersion = 10.0.40219.1
Project("{FAE04EC0-301F-11D3-BF4B-00C04F79EFBC}") = "GoogleMapSDK.API", "GoogleMapSDK.API\GoogleMapSDK.API.csproj", "{5C015B02-352F-4CAA-A004-BFFCEC502E9F}"
EndProject
Project("{FAE04EC0-301F-11D3-BF4B-00C04F79EFBC}") = "GoogleMapSDK.Core", "GoogleMapSDK.Core\GoogleMapSDK.Core.csproj", "{150F2CEC-1090-43F1-9071-A2D1EF4DF837}"
EndProject
Project("{FAE04EC0-301F-11D3-BF4B-00C04F79EFBC}") = "GoogleMapSDK.Contract", "GoogleMapSDK.Contract\GoogleMapSDK.Contract.csproj", "{AD944E10-866D-455A-A9BB-700D88764225}"
EndProject
Project("{FAE04EC0-301F-11D3-BF4B-00C04F79EFBC}") = "GoogleMapSDK.Winform", "GoogleMapSDK.Winform\GoogleMapSDK.Winform.csproj", "{6158D837-74F0-4E4C-9062-06D54562D189}"
EndProject
Project("{FAE04EC0-301F-11D3-BF4B-00C04F79EFBC}") = "GoogleMapSDK.Winform.Test", "GoogleMapSDK.Winform.Test\GoogleMapSDK.Winform.Test.csproj", "{F2FD84DF-0027-47D0-8D3A-D49DE1297B83}"
EndProject
Global
	GlobalSection(SolutionConfigurationPlatforms) = preSolution
		Debug|Any CPU = Debug|Any CPU
		Release|Any CPU = Release|Any CPU
	EndGlobalSection
	GlobalSection(ProjectConfigurationPlatforms) = postSolution
		{5C015B02-352F-4CAA-A004-BFFCEC502E9F}.Debug|Any CPU.ActiveCfg = Debug|Any CPU
		{5C015B02-352F-4CAA-A004-BFFCEC502E9F}.Debug|Any CPU.Build.0 = Debug|Any CPU
		{5C015B02-352F-4CAA-A004-BFFCEC502E9F}.Release|Any CPU.ActiveCfg = Release|Any CPU
		{5C015B02-352F-4CAA-A004-BFFCEC502E9F}.Release|Any CPU.Build.0 = Release|Any CPU
		{150F2CEC-1090-43F1-9071-A2D1EF4DF837}.Debug|Any CPU.ActiveCfg = Debug|Any CPU
		{150F2CEC-1090-43F1-9071-A2D1EF4DF837}.Debug|Any CPU.Build.0 = Debug|Any CPU
		{150F2CEC-1090-43F1-9071-A2D1EF4DF837}.Release|Any CPU.ActiveCfg = Release|Any CPU
		{150F2CEC-1090-43F1-9071-A2D1EF4DF837}.Release|Any CPU.Build.0 = Release|Any CPU
		{AD944E10-866D-455A-A9BB-700D88764225}.Debug|Any CPU.ActiveCfg = Debug|Any CPU
		{AD944E10-866D-455A-A9BB-700D88764225}.Debug|Any CPU.Build.0 = Debug|Any CPU
		{AD944E10-866D-455A-A9BB-700D88764225}.Release|Any CPU.ActiveCfg = Release|Any CPU
		{AD944E10-866D-455A-A9BB-700D88764225}.Release|Any CPU.Build.0 = Release|Any CPU
		{6158D837-74F0-4E4C-9062-06D54562D189}.Debug|Any CPU.ActiveCfg = Debug|Any CPU
		{6158D837-74F0-4E4C-9062-06D54562D189}.Debug|Any CPU.Build.0 = Debug|Any CPU
		{6158D837-74F0-4E4C-9062-06D54562D189}.Release|Any CPU.ActiveCfg = Release|Any CPU
		{6158D837-74F0-4E4C-9062-06D54562D189}.Release|Any CPU.Build.0 = Release|Any CPU
		{F2FD84DF-0027-47D0-8D3A-D49DE1297B83}.Debug|Any CPU.ActiveCfg = Debug|Any CPU
		{F2FD84DF-0027-47D0-8D3A-D49DE1297B83}.Debug|Any CPU.Build.0 = Debug|Any CPU
		{F2FD84DF-0027-47D0-8D3A-D49DE1297B83}.Release|Any CPU.ActiveCfg = Release|Any CPU
		{F2FD84DF-0027-47D0-8D3A-D49DE1297B83}.Release|Any CPU.Build.0 = Release|Any CPU
	EndGlobalSection
	GlobalSection(SolutionProperties) = preSolution
		HideSolutionNode = FALSE
	EndGlobalSection
	GlobalSection(ExtensibilityGlobals) = postSolution
		SolutionGuid = {C0C3E9B6-AEFD-4681-8773-BB8BBAAE41D3}
	EndGlobalSection
EndGlobal
